{
  "name": "h1b-visa-analysis",
  "version": "0.1.0",
  "lockfileVersion": 3,
  "requires": true,
  "packages": {
    "": {
      "name": "h1b-visa-analysis",
      "version": "0.1.0",
      "license": "MIT",
      "workspaces": [
        "packages/*",
        "h1b-visa-analysis-files/packages/*"
      ],
      "dependencies": {
        "markdown-compiler": "github:ChaseNoCap/markdown-compiler",
        "prompts-shared": "github:ChaseNoCap/prompts-shared",
        "report-components": "github:ChaseNoCap/report-components"
      }
    },
    "h1b-visa-analysis-files/packages/markdown-compiler": {
      "name": "@h1b-visa-analysis/markdown-compiler",
      "version": "0.1.0"
    },
    "h1b-visa-analysis-files/packages/prompts-shared": {
      "name": "@h1b-visa-analysis/prompts-shared",
      "version": "0.1.0"
    },
    "h1b-visa-analysis-files/packages/report-components": {
      "name": "@h1b-visa-analysis/report-components",
      "version": "0.1.0"
    },
    "h1b-visa-analysis-files/packages/report-generator": {
      "name": "@h1b-visa-analysis/report-generator",
      "version": "0.1.0",
      "dependencies": {
        "@h1b-visa-analysis/markdown-compiler": "^0.1.0",
        "@h1b-visa-analysis/prompts-shared": "^0.1.0",
        "@h1b-visa-analysis/report-components": "^0.1.0"
      }
    },
    "node_modules/@h1b-visa-analysis/markdown-compiler": {
      "resolved": "h1b-visa-analysis-files/packages/markdown-compiler",
      "link": true
    },
    "node_modules/@h1b-visa-analysis/prompts-shared": {
      "resolved": "h1b-visa-analysis-files/packages/prompts-shared",
      "link": true
    },
    "node_modules/@h1b-visa-analysis/report-components": {
      "resolved": "h1b-visa-analysis-files/packages/report-components",
      "link": true
    },
    "node_modules/@h1b-visa-analysis/report-generator": {
      "resolved": "h1b-visa-analysis-files/packages/report-generator",
      "link": true
    },
    "node_modules/markdown-compiler": {
      "version": "0.1.0",
      "resolved": "git+ssh://git@github.com/ChaseNoCap/markdown-compiler.git#ae5dccb2d9babbad3ebdd809dba9216e4dc1df40",
      "license": "MIT"
    },
    "node_modules/prompts-shared": {
      "version": "0.1.0",
      "resolved": "git+ssh://git@github.com/ChaseNoCap/prompts-shared.git#b6409f352dddcced50eea46afc5dd71ddf4c00b6",
      "license": "MIT"
    },
    "node_modules/report-components": {
      "version": "0.1.0",
      "resolved": "git+ssh://git@github.com/ChaseNoCap/report-components.git#14672a6546b80f0edc6293f4dd656b67bb8e6043",
      "license": "MIT"
    }
  }
}
