{
  "name": "h1b-visa-analysis",
  "version": "0.1.0",
  "lockfileVersion": 3,
  "requires": true,
  "packages": {
    "": {
      "name": "h1b-visa-analysis",
      "version": "0.1.0",
      "license": "MIT",
      "workspaces": [
        "packages/*"
      ]
    },
    "node_modules/markdown-compiler": {
      "resolved": "packages/markdown-compiler",
      "link": true
    },
    "node_modules/prompts-shared": {
      "resolved": "packages/prompts-shared",
      "link": true
    },
    "node_modules/report-components": {
      "resolved": "packages/report-components",
      "link": true
    },
    "packages/markdown-compiler": {
      "version": "0.1.0",
      "license": "MIT"
    },
    "packages/prompts-shared": {
      "version": "0.1.0",
      "license": "MIT"
    },
    "packages/report-components": {
      "version": "0.1.0",
      "license": "MIT"
    }
  }
}
