{
  "name": "h1b-visa-analysis",
  "version": "0.1.0",
  "lockfileVersion": 3,
  "requires": true,
  "packages": {
    "": {
      "name": "h1b-visa-analysis",
      "version": "0.1.0",
      "license": "MIT",
      "workspaces": [
        "packages/*",
        "h1b-visa-analysis-files/packages/*"
      ],
      "dependencies": {
        "markdown-compiler": "github:ChaseNoCap/markdown-compiler",
        "prompts-shared": "github:ChaseNoCap/prompts-shared",
        "report-components": "github:ChaseNoCap/report-components"
      }
    },
    "h1b-visa-analysis-files/packages/markdown-compiler": {
      "name": "@h1b-visa-analysis/markdown-compiler",
      "version": "0.1.0"
    },
    "h1b-visa-analysis-files/packages/prompts-shared": {
      "name": "@h1b-visa-analysis/prompts-shared",
      "version": "0.1.0"
    },
    "h1b-visa-analysis-files/packages/report-components": {
      "name": "@h1b-visa-analysis/report-components",
      "version": "0.1.0"
    },
    "h1b-visa-analysis-files/packages/report-generator": {
      "name": "@h1b-visa-analysis/report-generator",
      "version": "0.1.0",
      "dependencies": {
        "@h1b-visa-analysis/markdown-compiler": "^0.1.0",
        "@h1b-visa-analysis/prompts-shared": "^0.1.0",
        "@h1b-visa-analysis/report-components": "^0.1.0"
      }
    },
    "node_modules/@h1b-visa-analysis/markdown-compiler": {
      "resolved": "h1b-visa-analysis-files/packages/markdown-compiler",
      "link": true
    },
    "node_modules/@h1b-visa-analysis/prompts-shared": {
      "resolved": "h1b-visa-analysis-files/packages/prompts-shared",
      "link": true
    },
    "node_modules/@h1b-visa-analysis/report-components": {
      "resolved": "h1b-visa-analysis-files/packages/report-components",
      "link": true
    },
    "node_modules/@h1b-visa-analysis/report-generator": {
      "resolved": "h1b-visa-analysis-files/packages/report-generator",
      "link": true
    },
    "node_modules/markdown-compiler": {
      "version": "0.1.0",
      "resolved": "git+ssh://git@github.com/ChaseNoCap/markdown-compiler.git#aceeab2f9ce394e892e59fcdb09ca495fdcc16a8",
      "license": "MIT"
    },
    "node_modules/prompts-shared": {
      "version": "0.1.0",
      "resolved": "git+ssh://git@github.com/ChaseNoCap/prompts-shared.git#8d3cc00845f7bacd5ada3b16925b0a5fa07ee4d1",
      "license": "MIT"
    },
    "node_modules/report-components": {
      "version": "0.1.0",
      "resolved": "git+ssh://git@github.com/ChaseNoCap/report-components.git#695459b4e4a831a88e1e168b8c3de0cf1082516d",
      "license": "MIT"
    }
  }
}
